
Microsoft Visual Studio Solution File, Format Version 12.00
# Visual Studio Version 16
VisualStudioVersion = 16.0.31321.278
MinimumVisualStudioVersion = 10.0.40219.1
Project("{F184B08F-C81C-45F6-A57F-5ABD9991F28F}") = "projectTask1", "projectTask1\projectTask1.vbproj", "{EE5205AB-B0D9-4AC9-9177-CE042755C8DF}"
EndProject
Global
	GlobalSection(SolutionConfigurationPlatforms) = preSolution
		Debug|Any CPU = Debug|Any CPU
		Release|Any CPU = Release|Any CPU
	EndGlobalSection
	GlobalSection(ProjectConfigurationPlatforms) = postSolution
		{EE5205AB-B0D9-4AC9-9177-CE042755C8DF}.Debug|Any CPU.ActiveCfg = Debug|Any CPU
		{EE5205AB-B0D9-4AC9-9177-CE042755C8DF}.Debug|Any CPU.Build.0 = Debug|Any CPU
		{EE5205AB-B0D9-4AC9-9177-CE042755C8DF}.Release|Any CPU.ActiveCfg = Release|Any CPU
		{EE5205AB-B0D9-4AC9-9177-CE042755C8DF}.Release|Any CPU.Build.0 = Release|Any CPU
	EndGlobalSection
	GlobalSection(SolutionProperties) = preSolution
		HideSolutionNode = FALSE
	EndGlobalSection
	GlobalSection(ExtensibilityGlobals) = postSolution
		SolutionGuid = {461DFCA0-3728-4E9E-929A-5BDA94A1BBBC}
	EndGlobalSection
EndGlobal
